
Microsoft Visual Studio Solution File, Format Version 12.00
Project("{FAE04EC0-301F-11D3-BF4B-00C04F79EFBC}") = "Slack.RoundRobinAssignments", "src\Slack.RoundRobinAssignments\Slack.RoundRobinAssignments.csproj", "{DCE6894E-C8E7-4E0E-B36D-39E295D9DD77}"
EndProject
Project("{FAE04EC0-301F-11D3-BF4B-00C04F79EFBC}") = "Slack.RoundRobinAssignments.Tests", "src\Slack.RoundRobinAssignments.Tests\Slack.RoundRobinAssignments.Tests.csproj", "{5F665AD1-C291-4ECF-93DB-2E0A1CB9ABBA}"
EndProject
Global
	GlobalSection(SolutionConfigurationPlatforms) = preSolution
		Debug|Any CPU = Debug|Any CPU
		Release|Any CPU = Release|Any CPU
	EndGlobalSection
	GlobalSection(ProjectConfigurationPlatforms) = postSolution
		{DCE6894E-C8E7-4E0E-B36D-39E295D9DD77}.Debug|Any CPU.ActiveCfg = Debug|Any CPU
		{DCE6894E-C8E7-4E0E-B36D-39E295D9DD77}.Debug|Any CPU.Build.0 = Debug|Any CPU
		{DCE6894E-C8E7-4E0E-B36D-39E295D9DD77}.Release|Any CPU.ActiveCfg = Release|Any CPU
		{DCE6894E-C8E7-4E0E-B36D-39E295D9DD77}.Release|Any CPU.Build.0 = Release|Any CPU
		{5F665AD1-C291-4ECF-93DB-2E0A1CB9ABBA}.Debug|Any CPU.ActiveCfg = Debug|Any CPU
		{5F665AD1-C291-4ECF-93DB-2E0A1CB9ABBA}.Debug|Any CPU.Build.0 = Debug|Any CPU
		{5F665AD1-C291-4ECF-93DB-2E0A1CB9ABBA}.Release|Any CPU.ActiveCfg = Release|Any CPU
		{5F665AD1-C291-4ECF-93DB-2E0A1CB9ABBA}.Release|Any CPU.Build.0 = Release|Any CPU
	EndGlobalSection
EndGlobal
